
Microsoft Visual Studio Solution File, Format Version 12.00
# Visual Studio 15
VisualStudioVersion = 15.0.28010.2036
MinimumVisualStudioVersion = 10.0.40219.1
Project("{FAE04EC0-301F-11D3-BF4B-00C04F79EFBC}") = "Paginacao", "Paginacao\Paginacao.csproj", "{8C6E1D29-7E12-44F2-B651-96BB5AF8B8DB}"
EndProject
Global
	GlobalSection(SolutionConfigurationPlatforms) = preSolution
		Debug|Any CPU = Debug|Any CPU
		Release|Any CPU = Release|Any CPU
	EndGlobalSection
	GlobalSection(ProjectConfigurationPlatforms) = postSolution
		{8C6E1D29-7E12-44F2-B651-96BB5AF8B8DB}.Debug|Any CPU.ActiveCfg = Debug|Any CPU
		{8C6E1D29-7E12-44F2-B651-96BB5AF8B8DB}.Debug|Any CPU.Build.0 = Debug|Any CPU
		{8C6E1D29-7E12-44F2-B651-96BB5AF8B8DB}.Release|Any CPU.ActiveCfg = Release|Any CPU
		{8C6E1D29-7E12-44F2-B651-96BB5AF8B8DB}.Release|Any CPU.Build.0 = Release|Any CPU
	EndGlobalSection
	GlobalSection(SolutionProperties) = preSolution
		HideSolutionNode = FALSE
	EndGlobalSection
	GlobalSection(ExtensibilityGlobals) = postSolution
		SolutionGuid = {7BA7F7F4-9658-40A0-81B9-9F1E446CE1DA}
	EndGlobalSection
EndGlobal
